// !$*UTF8*$!
{
	archiveVersion = 1;
	classes = {
	};
	objectVersion = 46;
	objects = {

/* Begin PBXBuildFile section */
		5FE6C7371D281BF6005CCBC8 /* AppDelegate.m in Sources */ = {isa = PBXBuildFile; fileRef = 5FE6C7361D281BF6005CCBC8 /* AppDelegate.m */; };
		5FE6C73A1D281BF6005CCBC8 /* main.m in Sources */ = {isa = PBXBuildFile; fileRef = 5FE6C7391D281BF6005CCBC8 /* main.m */; };
		5FE6C73C1D281BF6005CCBC8 /* Assets.xcassets in Resources */ = {isa = PBXBuildFile; fileRef = 5FE6C73B1D281BF6005CCBC8 /* Assets.xcassets */; };
		5FE6C73F1D281BF6005CCBC8 /* MainMenu.xib in Resources */ = {isa = PBXBuildFile; fileRef = 5FE6C73D1D281BF6005CCBC8 /* MainMenu.xib */; };
		5FE6C74A1D281BF6005CCBC8 /* AwesomeRandomTests.m in Sources */ = {isa = PBXBuildFile; fileRef = 5FE6C7491D281BF6005CCBC8 /* AwesomeRandomTests.m */; };
		5FE6C7551D281BF6005CCBC8 /* AwesomeRandomUITests.m in Sources */ = {isa = PBXBuildFile; fileRef = 5FE6C7541D281BF6005CCBC8 /* AwesomeRandomUITests.m */; };
/* End PBXBuildFile section */

/* Begin PBXContainerItemProxy section */
		5FE6C7461D281BF6005CCBC8 /* PBXContainerItemProxy */ = {
			isa = PBXContainerItemProxy;
			containerPortal = 5FE6C72A1D281BF6005CCBC8 /* Project object */;
			proxyType = 1;
			remoteGlobalIDString = 5FE6C7311D281BF6005CCBC8;
			remoteInfo = AwesomeRandom;
		};
		5FE6C7511D281BF6005CCBC8 /* PBXContainerItemProxy */ = {
			isa = PBXContainerItemProxy;
			containerPortal = 5FE6C72A1D281BF6005CCBC8 /* Project object */;
			proxyType = 1;
			remoteGlobalIDString = 5FE6C7311D281BF6005CCBC8;
			remoteInfo = AwesomeRandom;
		};
/* End PBXContainerItemProxy section */

/* Begin PBXFileReference section */
		5FE6C7321D281BF6005CCBC8 /* AwesomeRandom.app */ = {isa = PBXFileReference; explicitFileType = wrapper.application; includeInIndex = 0; path = AwesomeRandom.app; sourceTree = BUILT_PRODUCTS_DIR; };
		5FE6C7351D281BF6005CCBC8 /* AppDelegate.h */ = {isa = PBXFileReference; lastKnownFileType = sourcecode.c.h; path = AppDelegate.h; sourceTree = "<group>"; };
		5FE6C7361D281BF6005CCBC8 /* AppDelegate.m */ = {isa = PBXFileReference; lastKnownFileType = sourcecode.c.objc; path = AppDelegate.m; sourceTree = "<group>"; };
		5FE6C7391D281BF6005CCBC8 /* main.m */ = {isa = PBXFileReference; lastKnownFileType = sourcecode.c.objc; path = main.m; sourceTree = "<group>"; };
		5FE6C73B1D281BF6005CCBC8 /* Assets.xcassets */ = {isa = PBXFileReference; lastKnownFileType = folder.assetcatalog; path = Assets.xcassets; sourceTree = "<group>"; };
		5FE6C73E1D281BF6005CCBC8 /* Base */ = {isa = PBXFileReference; lastKnownFileType = file.xib; name = Base; path = Base.lproj/MainMenu.xib; sourceTree = "<group>"; };
		5FE6C7401D281BF6005CCBC8 /* Info.plist */ = {isa = PBXFileReference; lastKnownFileType = text.plist.xml; path = Info.plist; sourceTree = "<group>"; };
		5FE6C7451D281BF6005CCBC8 /* AwesomeRandomTests.xctest */ = {isa = PBXFileReference; explicitFileType = wrapper.cfbundle; includeInIndex = 0; path = AwesomeRandomTests.xctest; sourceTree = BUILT_PRODUCTS_DIR; };
		5FE6C7491D281BF6005CCBC8 /* AwesomeRandomTests.m */ = {isa = PBXFileReference; lastKnownFileType = sourcecode.c.objc; path = AwesomeRandomTests.m; sourceTree = "<group>"; };
		5FE6C74B1D281BF6005CCBC8 /* Info.plist */ = {isa = PBXFileReference; lastKnownFileType = text.plist.xml; path = Info.plist; sourceTree = "<group>"; };
		5FE6C7501D281BF6005CCBC8 /* AwesomeRandomUITests.xctest */ = {isa = PBXFileReference; explicitFileType = wrapper.cfbundle; includeInIndex = 0; path = AwesomeRandomUITests.xctest; sourceTree = BUILT_PRODUCTS_DIR; };
		5FE6C7541D281BF6005CCBC8 /* AwesomeRandomUITests.m */ = {isa = PBXFileReference; lastKnownFileType = sourcecode.c.objc; path = AwesomeRandomUITests.m; sourceTree = "<group>"; };
		5FE6C7561D281BF6005CCBC8 /* Info.plist */ = {isa = PBXFileReference; lastKnownFileType = text.plist.xml; path = Info.plist; sourceTree = "<group>"; };
/* End PBXFileReference section */

/* Begin PBXFrameworksBuildPhase section */
		5FE6C72F1D281BF6005CCBC8 /* Frameworks */ = {
			isa = PBXFrameworksBuildPhase;
			buildActionMask = 2147483647;
			files = (
			);
			runOnlyForDeploymentPostprocessing = 0;
		};
		5FE6C7421D281BF6005CCBC8 /* Frameworks */ = {
			isa = PBXFrameworksBuildPhase;
			buildActionMask = 2147483647;
			files = (
			);
			runOnlyForDeploymentPostprocessing = 0;
		};
		5FE6C74D1D281BF6005CCBC8 /* Frameworks */ = {
			isa = PBXFrameworksBuildPhase;
			buildActionMask = 2147483647;
			files = (
			);
			runOnlyForDeploymentPostprocessing = 0;
		};
/* End PBXFrameworksBuildPhase section */

/* Begin PBXGroup section */
		5FE6C7291D281BF6005CCBC8 = {
			isa = PBXGroup;
			children = (
				5FE6C7341D281BF6005CCBC8 /* AwesomeRandom */,
				5FE6C7481D281BF6005CCBC8 /* AwesomeRandomTests */,
				5FE6C7531D281BF6005CCBC8 /* AwesomeRandomUITests */,
				5FE6C7331D281BF6005CCBC8 /* Products */,
			);
			sourceTree = "<group>";
		};
		5FE6C7331D281BF6005CCBC8 /* Products */ = {
			isa = PBXGroup;
			children = (
				5FE6C7321D281BF6005CCBC8 /* AwesomeRandom.app */,
				5FE6C7451D281BF6005CCBC8 /* AwesomeRandomTests.xctest */,
				5FE6C7501D281BF6005CCBC8 /* AwesomeRandomUITests.xctest */,
			);
			name = Products;
			sourceTree = "<group>";
		};
		5FE6C7341D281BF6005CCBC8 /* AwesomeRandom */ = {
			isa = PBXGroup;
			children = (
				5FE6C7351D281BF6005CCBC8 /* AppDelegate.h */,
				5FE6C7361D281BF6005CCBC8 /* AppDelegate.m */,
				5FE6C73B1D281BF6005CCBC8 /* Assets.xcassets */,
				5FE6C73D1D281BF6005CCBC8 /* MainMenu.xib */,
				5FE6C7401D281BF6005CCBC8 /* Info.plist */,
				5FE6C7381D281BF6005CCBC8 /* Supporting Files */,
			);
			path = AwesomeRandom;
			sourceTree = "<group>";
		};
		5FE6C7381D281BF6005CCBC8 /* Supporting Files */ = {
			isa = PBXGroup;
			children = (
				5FE6C7391D281BF6005CCBC8 /* main.m */,
			);
			name = "Supporting Files";
			sourceTree = "<group>";
		};
		5FE6C7481D281BF6005CCBC8 /* AwesomeRandomTests */ = {
			isa = PBXGroup;
			children = (
				5FE6C7491D281BF6005CCBC8 /* AwesomeRandomTests.m */,
				5FE6C74B1D281BF6005CCBC8 /* Info.plist */,
			);
			path = AwesomeRandomTests;
			sourceTree = "<group>";
		};
		5FE6C7531D281BF6005CCBC8 /* AwesomeRandomUITests */ = {
			isa = PBXGroup;
			children = (
				5FE6C7541D281BF6005CCBC8 /* AwesomeRandomUITests.m */,
				5FE6C7561D281BF6005CCBC8 /* Info.plist */,
			);
			path = AwesomeRandomUITests;
			sourceTree = "<group>";
		};
/* End PBXGroup section */

/* Begin PBXNativeTarget section */
		5FE6C7311D281BF6005CCBC8 /* AwesomeRandom */ = {
			isa = PBXNativeTarget;
			buildConfigurationList = 5FE6C7591D281BF6005CCBC8 /* Build configuration list for PBXNativeTarget "AwesomeRandom" */;
			buildPhases = (
				5FE6C72E1D281BF6005CCBC8 /* Sources */,
				5FE6C72F1D281BF6005CCBC8 /* Frameworks */,
				5FE6C7301D281BF6005CCBC8 /* Resources */,
			);
			buildRules = (
			);
			dependencies = (
			);
			name = AwesomeRandom;
			productName = AwesomeRandom;
			productReference = 5FE6C7321D281BF6005CCBC8 /* AwesomeRandom.app */;
			productType = "com.apple.product-type.application";
		};
		5FE6C7441D281BF6005CCBC8 /* AwesomeRandomTests */ = {
			isa = PBXNativeTarget;
			buildConfigurationList = 5FE6C75C1D281BF6005CCBC8 /* Build configuration list for PBXNativeTarget "AwesomeRandomTests" */;
			buildPhases = (
				5FE6C7411D281BF6005CCBC8 /* Sources */,
				5FE6C7421D281BF6005CCBC8 /* Frameworks */,
				5FE6C7431D281BF6005CCBC8 /* Resources */,
			);
			buildRules = (
			);
			dependencies = (
				5FE6C7471D281BF6005CCBC8 /* PBXTargetDependency */,
			);
			name = AwesomeRandomTests;
			productName = AwesomeRandomTests;
			productReference = 5FE6C7451D281BF6005CCBC8 /* AwesomeRandomTests.xctest */;
			productType = "com.apple.product-type.bundle.unit-test";
		};
		5FE6C74F1D281BF6005CCBC8 /* AwesomeRandomUITests */ = {
			isa = PBXNativeTarget;
			buildConfigurationList = 5FE6C75F1D281BF6005CCBC8 /* Build configuration list for PBXNativeTarget "AwesomeRandomUITests" */;
			buildPhases = (
				5FE6C74C1D281BF6005CCBC8 /* Sources */,
				5FE6C74D1D281BF6005CCBC8 /* Frameworks */,
				5FE6C74E1D281BF6005CCBC8 /* Resources */,
			);
			buildRules = (
			);
			dependencies = (
				5FE6C7521D281BF6005CCBC8 /* PBXTargetDependency */,
			);
			name = AwesomeRandomUITests;
			productName = AwesomeRandomUITests;
			productReference = 5FE6C7501D281BF6005CCBC8 /* AwesomeRandomUITests.xctest */;
			productType = "com.apple.product-type.bundle.ui-testing";
		};
/* End PBXNativeTarget section */

/* Begin PBXProject section */
		5FE6C72A1D281BF6005CCBC8 /* Project object */ = {
			isa = PBXProject;
			attributes = {
				LastUpgradeCheck = 0730;
				ORGANIZATIONNAME = "Anton Korepanov";
				TargetAttributes = {
					5FE6C7311D281BF6005CCBC8 = {
						CreatedOnToolsVersion = 7.3.1;
					};
					5FE6C7441D281BF6005CCBC8 = {
						CreatedOnToolsVersion = 7.3.1;
						TestTargetID = 5FE6C7311D281BF6005CCBC8;
					};
					5FE6C74F1D281BF6005CCBC8 = {
						CreatedOnToolsVersion = 7.3.1;
						TestTargetID = 5FE6C7311D281BF6005CCBC8;
					};
				};
			};
			buildConfigurationList = 5FE6C72D1D281BF6005CCBC8 /* Build configuration list for PBXProject "AwesomeRandom" */;
			compatibilityVersion = "Xcode 3.2";
			developmentRegion = English;
			hasScannedForEncodings = 0;
			knownRegions = (
				en,
				Base,
			);
			mainGroup = 5FE6C7291D281BF6005CCBC8;
			productRefGroup = 5FE6C7331D281BF6005CCBC8 /* Products */;
			projectDirPath = "";
			projectRoot = "";
			targets = (
				5FE6C7311D281BF6005CCBC8 /* AwesomeRandom */,
				5FE6C7441D281BF6005CCBC8 /* AwesomeRandomTests */,
				5FE6C74F1D281BF6005CCBC8 /* AwesomeRandomUITests */,
			);
		};
/* End PBXProject section */

/* Begin PBXResourcesBuildPhase section */
		5FE6C7301D281BF6005CCBC8 /* Resources */ = {
			isa = PBXResourcesBuildPhase;
			buildActionMask = 2147483647;
			files = (
				5FE6C73C1D281BF6005CCBC8 /* Assets.xcassets in Resources */,
				5FE6C73F1D281BF6005CCBC8 /* MainMenu.xib in Resources */,
			);
			runOnlyForDeploymentPostprocessing = 0;
		};
		5FE6C7431D281BF6005CCBC8 /* Resources */ = {
			isa = PBXResourcesBuildPhase;
			buildActionMask = 2147483647;
			files = (
			);
			runOnlyForDeploymentPostprocessing = 0;
		};
		5FE6C74E1D281BF6005CCBC8 /* Resources */ = {
			isa = PBXResourcesBuildPhase;
			buildActionMask = 2147483647;
			files = (
			);
			runOnlyForDeploymentPostprocessing = 0;
		};
/* End PBXResourcesBuildPhase section */

/* Begin PBXSourcesBuildPhase section */
		5FE6C72E1D281BF6005CCBC8 /* Sources */ = {
			isa = PBXSourcesBuildPhase;
			buildActionMask = 2147483647;
			files = (
				5FE6C73A1D281BF6005CCBC8 /* main.m in Sources */,
				5FE6C7371D281BF6005CCBC8 /* AppDelegate.m in Sources */,
			);
			runOnlyForDeploymentPostprocessing = 0;
		};
		5FE6C7411D281BF6005CCBC8 /* Sources */ = {
			isa = PBXSourcesBuildPhase;
			buildActionMask = 2147483647;
			files = (
				5FE6C74A1D281BF6005CCBC8 /* AwesomeRandomTests.m in Sources */,
			);
			runOnlyForDeploymentPostprocessing = 0;
		};
		5FE6C74C1D281BF6005CCBC8 /* Sources */ = {
			isa = PBXSourcesBuildPhase;
			buildActionMask = 2147483647;
			files = (
				5FE6C7551D281BF6005CCBC8 /* AwesomeRandomUITests.m in Sources */,
			);
			runOnlyForDeploymentPostprocessing = 0;
		};
/* End PBXSourcesBuildPhase section */

/* Begin PBXTargetDependency section */
		5FE6C7471D281BF6005CCBC8 /* PBXTargetDependency */ = {
			isa = PBXTargetDependency;
			target = 5FE6C7311D281BF6005CCBC8 /* AwesomeRandom */;
			targetProxy = 5FE6C7461D281BF6005CCBC8 /* PBXContainerItemProxy */;
		};
		5FE6C7521D281BF6005CCBC8 /* PBXTargetDependency */ = {
			isa = PBXTargetDependency;
			target = 5FE6C7311D281BF6005CCBC8 /* AwesomeRandom */;
			targetProxy = 5FE6C7511D281BF6005CCBC8 /* PBXContainerItemProxy */;
		};
/* End PBXTargetDependency section */

/* Begin PBXVariantGroup section */
		5FE6C73D1D281BF6005CCBC8 /* MainMenu.xib */ = {
			isa = PBXVariantGroup;
			children = (
				5FE6C73E1D281BF6005CCBC8 /* Base */,
			);
			name = MainMenu.xib;
			sourceTree = "<group>";
		};
/* End PBXVariantGroup section */

/* Begin XCBuildConfiguration section */
		5FE6C7571D281BF6005CCBC8 /* Debug */ = {
			isa = XCBuildConfiguration;
			buildSettings = {
				ALWAYS_SEARCH_USER_PATHS = NO;
				CLANG_ANALYZER_NONNULL = YES;
				CLANG_CXX_LANGUAGE_STANDARD = "gnu++0x";
				CLANG_CXX_LIBRARY = "libc++";
				CLANG_ENABLE_MODULES = YES;
				CLANG_ENABLE_OBJC_ARC = YES;
				CLANG_WARN_BOOL_CONVERSION = YES;
				CLANG_WARN_CONSTANT_CONVERSION = YES;
				CLANG_WARN_DIRECT_OBJC_ISA_USAGE = YES_ERROR;
				CLANG_WARN_EMPTY_BODY = YES;
				CLANG_WARN_ENUM_CONVERSION = YES;
				CLANG_WARN_INT_CONVERSION = YES;
				CLANG_WARN_OBJC_ROOT_CLASS = YES_ERROR;
				CLANG_WARN_UNREACHABLE_CODE = YES;
				CLANG_WARN__DUPLICATE_METHOD_MATCH = YES;
				CODE_SIGN_IDENTITY = "-";
				COPY_PHASE_STRIP = NO;
				DEBUG_INFORMATION_FORMAT = dwarf;
				ENABLE_STRICT_OBJC_MSGSEND = YES;
				ENABLE_TESTABILITY = YES;
				GCC_C_LANGUAGE_STANDARD = gnu99;
				GCC_DYNAMIC_NO_PIC = NO;
				GCC_NO_COMMON_BLOCKS = YES;
				GCC_OPTIMIZATION_LEVEL = 0;
				GCC_PREPROCESSOR_DEFINITIONS = (
					"DEBUG=1",
					"$(inherited)",
				);
				GCC_WARN_64_TO_32_BIT_CONVERSION = YES;
				GCC_WARN_ABOUT_RETURN_TYPE = YES_ERROR;
				GCC_WARN_UNDECLARED_SELECTOR = YES;
				GCC_WARN_UNINITIALIZED_AUTOS = YES_AGGRESSIVE;
				GCC_WARN_UNUSED_FUNCTION = YES;
				GCC_WARN_UNUSED_VARIABLE = YES;
				MACOSX_DEPLOYMENT_TARGET = 10.11;
				MTL_ENABLE_DEBUG_INFO = YES;
				ONLY_ACTIVE_ARCH = YES;
				SDKROOT = macosx;
			};
			name = Debug;
		};
		5FE6C7581D281BF6005CCBC8 /* Release */ = {
			isa = XCBuildConfiguration;
			buildSettings = {
				ALWAYS_SEARCH_USER_PATHS = NO;
				CLANG_ANALYZER_NONNULL = YES;
				CLANG_CXX_LANGUAGE_STANDARD = "gnu++0x";
				CLANG_CXX_LIBRARY = "libc++";
				CLANG_ENABLE_MODULES = YES;
				CLANG_ENABLE_OBJC_ARC = YES;
				CLANG_WARN_BOOL_CONVERSION = YES;
				CLANG_WARN_CONSTANT_CONVERSION = YES;
				CLANG_WARN_DIRECT_OBJC_ISA_USAGE = YES_ERROR;
				CLANG_WARN_EMPTY_BODY = YES;
				CLANG_WARN_ENUM_CONVERSION = YES;
				CLANG_WARN_INT_CONVERSION = YES;
				CLANG_WARN_OBJC_ROOT_CLASS = YES_ERROR;
				CLANG_WARN_UNREACHABLE_CODE = YES;
				CLANG_WARN__DUPLICATE_METHOD_MATCH = YES;
				CODE_SIGN_IDENTITY = "-";
				COPY_PHASE_STRIP = NO;
				DEBUG_INFORMATION_FORMAT = "dwarf-with-dsym";
				ENABLE_NS_ASSERTIONS = NO;
				ENABLE_STRICT_OBJC_MSGSEND = YES;
				GCC_C_LANGUAGE_STANDARD = gnu99;
				GCC_NO_COMMON_BLOCKS = YES;
				GCC_WARN_64_TO_32_BIT_CONVERSION = YES;
				GCC_WARN_ABOUT_RETURN_TYPE = YES_ERROR;
				GCC_WARN_UNDECLARED_SELECTOR = YES;
				GCC_WARN_UNINITIALIZED_AUTOS = YES_AGGRESSIVE;
				GCC_WARN_UNUSED_FUNCTION = YES;
				GCC_WARN_UNUSED_VARIABLE = YES;
				MACOSX_DEPLOYMENT_TARGET = 10.11;
				MTL_ENABLE_DEBUG_INFO = NO;
				SDKROOT = macosx;
			};
			name = Release;
		};
		5FE6C75A1D281BF6005CCBC8 /* Debug */ = {
			isa = XCBuildConfiguration;
			buildSettings = {
				ASSETCATALOG_COMPILER_APPICON_NAME = AppIcon;
				COMBINE_HIDPI_IMAGES = YES;
				INFOPLIST_FILE = AwesomeRandom/Info.plist;
				LD_RUNPATH_SEARCH_PATHS = "$(inherited) @executable_path/../Frameworks";
				PRODUCT_BUNDLE_IDENTIFIER = Homie.AwesomeRandom;
				PRODUCT_NAME = "$(TARGET_NAME)";
			};
			name = Debug;
		};
		5FE6C75B1D281BF6005CCBC8 /* Release */ = {
			isa = XCBuildConfiguration;
			buildSettings = {
				ASSETCATALOG_COMPILER_APPICON_NAME = AppIcon;
				COMBINE_HIDPI_IMAGES = YES;
				INFOPLIST_FILE = AwesomeRandom/Info.plist;
				LD_RUNPATH_SEARCH_PATHS = "$(inherited) @executable_path/../Frameworks";
				PRODUCT_BUNDLE_IDENTIFIER = Homie.AwesomeRandom;
				PRODUCT_NAME = "$(TARGET_NAME)";
			};
			name = Release;
		};
		5FE6C75D1D281BF6005CCBC8 /* Debug */ = {
			isa = XCBuildConfiguration;
			buildSettings = {
				BUNDLE_LOADER = "$(TEST_HOST)";
				COMBINE_HIDPI_IMAGES = YES;
				INFOPLIST_FILE = AwesomeRandomTests/Info.plist;
				LD_RUNPATH_SEARCH_PATHS = "$(inherited) @executable_path/../Frameworks @loader_path/../Frameworks";
				PRODUCT_BUNDLE_IDENTIFIER = Homie.AwesomeRandomTests;
				PRODUCT_NAME = "$(TARGET_NAME)";
				TEST_HOST = "$(BUILT_PRODUCTS_DIR)/AwesomeRandom.app/Contents/MacOS/AwesomeRandom";
			};
			name = Debug;
		};
		5FE6C75E1D281BF6005CCBC8 /* Release */ = {
			isa = XCBuildConfiguration;
			buildSettings = {
				BUNDLE_LOADER = "$(TEST_HOST)";
				COMBINE_HIDPI_IMAGES = YES;
				INFOPLIST_FILE = AwesomeRandomTests/Info.plist;
				LD_RUNPATH_SEARCH_PATHS = "$(inherited) @executable_path/../Frameworks @loader_path/../Frameworks";
				PRODUCT_BUNDLE_IDENTIFIER = Homie.AwesomeRandomTests;
				PRODUCT_NAME = "$(TARGET_NAME)";
				TEST_HOST = "$(BUILT_PRODUCTS_DIR)/AwesomeRandom.app/Contents/MacOS/AwesomeRandom";
			};
			name = Release;
		};
		5FE6C7601D281BF6005CCBC8 /* Debug */ = {
			isa = XCBuildConfiguration;
			buildSettings = {
				COMBINE_HIDPI_IMAGES = YES;
				INFOPLIST_FILE = AwesomeRandomUITests/Info.plist;
				LD_RUNPATH_SEARCH_PATHS = "$(inherited) @executable_path/../Frameworks @loader_path/../Frameworks";
				PRODUCT_BUNDLE_IDENTIFIER = Homie.AwesomeRandomUITests;
				PRODUCT_NAME = "$(TARGET_NAME)";
				TEST_TARGET_NAME = AwesomeRandom;
			};
			name = Debug;
		};
		5FE6C7611D281BF6005CCBC8 /* Release */ = {
			isa = XCBuildConfiguration;
			buildSettings = {
				COMBINE_HIDPI_IMAGES = YES;
				INFOPLIST_FILE = AwesomeRandomUITests/Info.plist;
				LD_RUNPATH_SEARCH_PATHS = "$(inherited) @executable_path/../Frameworks @loader_path/../Frameworks";
				PRODUCT_BUNDLE_IDENTIFIER = Homie.AwesomeRandomUITests;
				PRODUCT_NAME = "$(TARGET_NAME)";
				TEST_TARGET_NAME = AwesomeRandom;
			};
			name = Release;
		};
/* End XCBuildConfiguration section */

/* Begin XCConfigurationList section */
		5FE6C72D1D281BF6005CCBC8 /* Build configuration list for PBXProject "AwesomeRandom" */ = {
			isa = XCConfigurationList;
			buildConfigurations = (
				5FE6C7571D281BF6005CCBC8 /* Debug */,
				5FE6C7581D281BF6005CCBC8 /* Release */,
			);
			defaultConfigurationIsVisible = 0;
			defaultConfigurationName = Release;
		};
		5FE6C7591D281BF6005CCBC8 /* Build configuration list for PBXNativeTarget "AwesomeRandom" */ = {
			isa = XCConfigurationList;
			buildConfigurations = (
				5FE6C75A1D281BF6005CCBC8 /* Debug */,
				5FE6C75B1D281BF6005CCBC8 /* Release */,
			);
			defaultConfigurationIsVisible = 0;
		};
		5FE6C75C1D281BF6005CCBC8 /* Build configuration list for PBXNativeTarget "AwesomeRandomTests" */ = {
			isa = XCConfigurationList;
			buildConfigurations = (
				5FE6C75D1D281BF6005CCBC8 /* Debug */,
				5FE6C75E1D281BF6005CCBC8 /* Release */,
			);
			defaultConfigurationIsVisible = 0;
		};
		5FE6C75F1D281BF6005CCBC8 /* Build configuration list for PBXNativeTarget "AwesomeRandomUITests" */ = {
			isa = XCConfigurationList;
			buildConfigurations = (
				5FE6C7601D281BF6005CCBC8 /* Debug */,
				5FE6C7611D281BF6005CCBC8 /* Release */,
			);
			defaultConfigurationIsVisible = 0;
		};
/* End XCConfigurationList section */
	};
	rootObject = 5FE6C72A1D281BF6005CCBC8 /* Project object */;
}
