// !$*UTF8*$!
{
	archiveVersion = 1;
	classes = {
	};
	objectVersion = 46;
	objects = {

/* Begin PBXBuildFile section */
		5F6E6A981D2FF5410095E724 /* AppDelegate.m in Sources */ = {isa = PBXBuildFile; fileRef = 5F6E6A971D2FF5410095E724 /* AppDelegate.m */; };
		5F6E6A9B1D2FF5410095E724 /* main.m in Sources */ = {isa = PBXBuildFile; fileRef = 5F6E6A9A1D2FF5410095E724 /* main.m */; };
		5F6E6A9D1D2FF5410095E724 /* Assets.xcassets in Resources */ = {isa = PBXBuildFile; fileRef = 5F6E6A9C1D2FF5410095E724 /* Assets.xcassets */; };
		5F6E6AA01D2FF5410095E724 /* MainMenu.xib in Resources */ = {isa = PBXBuildFile; fileRef = 5F6E6A9E1D2FF5410095E724 /* MainMenu.xib */; };
		5F6E6AA91D2FF57E0095E724 /* ScheduledClass.m in Sources */ = {isa = PBXBuildFile; fileRef = 5F6E6AA81D2FF57E0095E724 /* ScheduledClass.m */; };
		5F6E6AAC1D2FF63B0095E724 /* ScheduledFetcher.m in Sources */ = {isa = PBXBuildFile; fileRef = 5F6E6AAB1D2FF63B0095E724 /* ScheduledFetcher.m */; };
/* End PBXBuildFile section */

/* Begin PBXFileReference section */
		5F6E6A931D2FF5410095E724 /* UpcomingClasses.app */ = {isa = PBXFileReference; explicitFileType = wrapper.application; includeInIndex = 0; path = UpcomingClasses.app; sourceTree = BUILT_PRODUCTS_DIR; };
		5F6E6A961D2FF5410095E724 /* AppDelegate.h */ = {isa = PBXFileReference; lastKnownFileType = sourcecode.c.h; path = AppDelegate.h; sourceTree = "<group>"; };
		5F6E6A971D2FF5410095E724 /* AppDelegate.m */ = {isa = PBXFileReference; lastKnownFileType = sourcecode.c.objc; path = AppDelegate.m; sourceTree = "<group>"; };
		5F6E6A9A1D2FF5410095E724 /* main.m */ = {isa = PBXFileReference; lastKnownFileType = sourcecode.c.objc; path = main.m; sourceTree = "<group>"; };
		5F6E6A9C1D2FF5410095E724 /* Assets.xcassets */ = {isa = PBXFileReference; lastKnownFileType = folder.assetcatalog; path = Assets.xcassets; sourceTree = "<group>"; };
		5F6E6A9F1D2FF5410095E724 /* Base */ = {isa = PBXFileReference; lastKnownFileType = file.xib; name = Base; path = Base.lproj/MainMenu.xib; sourceTree = "<group>"; };
		5F6E6AA11D2FF5410095E724 /* Info.plist */ = {isa = PBXFileReference; lastKnownFileType = text.plist.xml; path = Info.plist; sourceTree = "<group>"; };
		5F6E6AA71D2FF57E0095E724 /* ScheduledClass.h */ = {isa = PBXFileReference; fileEncoding = 4; lastKnownFileType = sourcecode.c.h; path = ScheduledClass.h; sourceTree = "<group>"; };
		5F6E6AA81D2FF57E0095E724 /* ScheduledClass.m */ = {isa = PBXFileReference; fileEncoding = 4; lastKnownFileType = sourcecode.c.objc; path = ScheduledClass.m; sourceTree = "<group>"; };
		5F6E6AAA1D2FF63B0095E724 /* ScheduledFetcher.h */ = {isa = PBXFileReference; fileEncoding = 4; lastKnownFileType = sourcecode.c.h; path = ScheduledFetcher.h; sourceTree = "<group>"; };
		5F6E6AAB1D2FF63B0095E724 /* ScheduledFetcher.m */ = {isa = PBXFileReference; fileEncoding = 4; lastKnownFileType = sourcecode.c.objc; path = ScheduledFetcher.m; sourceTree = "<group>"; };
/* End PBXFileReference section */

/* Begin PBXFrameworksBuildPhase section */
		5F6E6A901D2FF5410095E724 /* Frameworks */ = {
			isa = PBXFrameworksBuildPhase;
			buildActionMask = 2147483647;
			files = (
			);
			runOnlyForDeploymentPostprocessing = 0;
		};
/* End PBXFrameworksBuildPhase section */

/* Begin PBXGroup section */
		5F6E6A8A1D2FF5410095E724 = {
			isa = PBXGroup;
			children = (
				5F6E6AA71D2FF57E0095E724 /* ScheduledClass.h */,
				5F6E6AA81D2FF57E0095E724 /* ScheduledClass.m */,
				5F6E6AAA1D2FF63B0095E724 /* ScheduledFetcher.h */,
				5F6E6AAB1D2FF63B0095E724 /* ScheduledFetcher.m */,
				5F6E6A951D2FF5410095E724 /* UpcomingClasses */,
				5F6E6A941D2FF5410095E724 /* Products */,
			);
			sourceTree = "<group>";
		};
		5F6E6A941D2FF5410095E724 /* Products */ = {
			isa = PBXGroup;
			children = (
				5F6E6A931D2FF5410095E724 /* UpcomingClasses.app */,
			);
			name = Products;
			sourceTree = "<group>";
		};
		5F6E6A951D2FF5410095E724 /* UpcomingClasses */ = {
			isa = PBXGroup;
			children = (
				5F6E6A961D2FF5410095E724 /* AppDelegate.h */,
				5F6E6A971D2FF5410095E724 /* AppDelegate.m */,
				5F6E6A9C1D2FF5410095E724 /* Assets.xcassets */,
				5F6E6A9E1D2FF5410095E724 /* MainMenu.xib */,
				5F6E6AA11D2FF5410095E724 /* Info.plist */,
				5F6E6A991D2FF5410095E724 /* Supporting Files */,
			);
			path = UpcomingClasses;
			sourceTree = "<group>";
		};
		5F6E6A991D2FF5410095E724 /* Supporting Files */ = {
			isa = PBXGroup;
			children = (
				5F6E6A9A1D2FF5410095E724 /* main.m */,
			);
			name = "Supporting Files";
			sourceTree = "<group>";
		};
/* End PBXGroup section */

/* Begin PBXNativeTarget section */
		5F6E6A921D2FF5410095E724 /* UpcomingClasses */ = {
			isa = PBXNativeTarget;
			buildConfigurationList = 5F6E6AA41D2FF5410095E724 /* Build configuration list for PBXNativeTarget "UpcomingClasses" */;
			buildPhases = (
				5F6E6A8F1D2FF5410095E724 /* Sources */,
				5F6E6A901D2FF5410095E724 /* Frameworks */,
				5F6E6A911D2FF5410095E724 /* Resources */,
			);
			buildRules = (
			);
			dependencies = (
			);
			name = UpcomingClasses;
			productName = UpcomingClasses;
			productReference = 5F6E6A931D2FF5410095E724 /* UpcomingClasses.app */;
			productType = "com.apple.product-type.application";
		};
/* End PBXNativeTarget section */

/* Begin PBXProject section */
		5F6E6A8B1D2FF5410095E724 /* Project object */ = {
			isa = PBXProject;
			attributes = {
				LastUpgradeCheck = 0730;
				ORGANIZATIONNAME = "Anton Korepanov";
				TargetAttributes = {
					5F6E6A921D2FF5410095E724 = {
						CreatedOnToolsVersion = 7.3.1;
					};
				};
			};
			buildConfigurationList = 5F6E6A8E1D2FF5410095E724 /* Build configuration list for PBXProject "UpcomingClasses" */;
			compatibilityVersion = "Xcode 3.2";
			developmentRegion = English;
			hasScannedForEncodings = 0;
			knownRegions = (
				en,
				Base,
			);
			mainGroup = 5F6E6A8A1D2FF5410095E724;
			productRefGroup = 5F6E6A941D2FF5410095E724 /* Products */;
			projectDirPath = "";
			projectRoot = "";
			targets = (
				5F6E6A921D2FF5410095E724 /* UpcomingClasses */,
			);
		};
/* End PBXProject section */

/* Begin PBXResourcesBuildPhase section */
		5F6E6A911D2FF5410095E724 /* Resources */ = {
			isa = PBXResourcesBuildPhase;
			buildActionMask = 2147483647;
			files = (
				5F6E6A9D1D2FF5410095E724 /* Assets.xcassets in Resources */,
				5F6E6AA01D2FF5410095E724 /* MainMenu.xib in Resources */,
			);
			runOnlyForDeploymentPostprocessing = 0;
		};
/* End PBXResourcesBuildPhase section */

/* Begin PBXSourcesBuildPhase section */
		5F6E6A8F1D2FF5410095E724 /* Sources */ = {
			isa = PBXSourcesBuildPhase;
			buildActionMask = 2147483647;
			files = (
				5F6E6A9B1D2FF5410095E724 /* main.m in Sources */,
				5F6E6A981D2FF5410095E724 /* AppDelegate.m in Sources */,
				5F6E6AA91D2FF57E0095E724 /* ScheduledClass.m in Sources */,
				5F6E6AAC1D2FF63B0095E724 /* ScheduledFetcher.m in Sources */,
			);
			runOnlyForDeploymentPostprocessing = 0;
		};
/* End PBXSourcesBuildPhase section */

/* Begin PBXVariantGroup section */
		5F6E6A9E1D2FF5410095E724 /* MainMenu.xib */ = {
			isa = PBXVariantGroup;
			children = (
				5F6E6A9F1D2FF5410095E724 /* Base */,
			);
			name = MainMenu.xib;
			sourceTree = "<group>";
		};
/* End PBXVariantGroup section */

/* Begin XCBuildConfiguration section */
		5F6E6AA21D2FF5410095E724 /* Debug */ = {
			isa = XCBuildConfiguration;
			buildSettings = {
				ALWAYS_SEARCH_USER_PATHS = NO;
				CLANG_ANALYZER_NONNULL = YES;
				CLANG_CXX_LANGUAGE_STANDARD = "gnu++0x";
				CLANG_CXX_LIBRARY = "libc++";
				CLANG_ENABLE_MODULES = YES;
				CLANG_ENABLE_OBJC_ARC = YES;
				CLANG_WARN_BOOL_CONVERSION = YES;
				CLANG_WARN_CONSTANT_CONVERSION = YES;
				CLANG_WARN_DIRECT_OBJC_ISA_USAGE = YES_ERROR;
				CLANG_WARN_EMPTY_BODY = YES;
				CLANG_WARN_ENUM_CONVERSION = YES;
				CLANG_WARN_INT_CONVERSION = YES;
				CLANG_WARN_OBJC_ROOT_CLASS = YES_ERROR;
				CLANG_WARN_UNREACHABLE_CODE = YES;
				CLANG_WARN__DUPLICATE_METHOD_MATCH = YES;
				CODE_SIGN_IDENTITY = "-";
				COPY_PHASE_STRIP = NO;
				DEBUG_INFORMATION_FORMAT = dwarf;
				ENABLE_STRICT_OBJC_MSGSEND = YES;
				ENABLE_TESTABILITY = YES;
				GCC_C_LANGUAGE_STANDARD = gnu99;
				GCC_DYNAMIC_NO_PIC = NO;
				GCC_NO_COMMON_BLOCKS = YES;
				GCC_OPTIMIZATION_LEVEL = 0;
				GCC_PREPROCESSOR_DEFINITIONS = (
					"DEBUG=1",
					"$(inherited)",
				);
				GCC_WARN_64_TO_32_BIT_CONVERSION = YES;
				GCC_WARN_ABOUT_RETURN_TYPE = YES_ERROR;
				GCC_WARN_UNDECLARED_SELECTOR = YES;
				GCC_WARN_UNINITIALIZED_AUTOS = YES_AGGRESSIVE;
				GCC_WARN_UNUSED_FUNCTION = YES;
				GCC_WARN_UNUSED_VARIABLE = YES;
				MACOSX_DEPLOYMENT_TARGET = 10.11;
				MTL_ENABLE_DEBUG_INFO = YES;
				ONLY_ACTIVE_ARCH = YES;
				SDKROOT = macosx;
			};
			name = Debug;
		};
		5F6E6AA31D2FF5410095E724 /* Release */ = {
			isa = XCBuildConfiguration;
			buildSettings = {
				ALWAYS_SEARCH_USER_PATHS = NO;
				CLANG_ANALYZER_NONNULL = YES;
				CLANG_CXX_LANGUAGE_STANDARD = "gnu++0x";
				CLANG_CXX_LIBRARY = "libc++";
				CLANG_ENABLE_MODULES = YES;
				CLANG_ENABLE_OBJC_ARC = YES;
				CLANG_WARN_BOOL_CONVERSION = YES;
				CLANG_WARN_CONSTANT_CONVERSION = YES;
				CLANG_WARN_DIRECT_OBJC_ISA_USAGE = YES_ERROR;
				CLANG_WARN_EMPTY_BODY = YES;
				CLANG_WARN_ENUM_CONVERSION = YES;
				CLANG_WARN_INT_CONVERSION = YES;
				CLANG_WARN_OBJC_ROOT_CLASS = YES_ERROR;
				CLANG_WARN_UNREACHABLE_CODE = YES;
				CLANG_WARN__DUPLICATE_METHOD_MATCH = YES;
				CODE_SIGN_IDENTITY = "-";
				COPY_PHASE_STRIP = NO;
				DEBUG_INFORMATION_FORMAT = "dwarf-with-dsym";
				ENABLE_NS_ASSERTIONS = NO;
				ENABLE_STRICT_OBJC_MSGSEND = YES;
				GCC_C_LANGUAGE_STANDARD = gnu99;
				GCC_NO_COMMON_BLOCKS = YES;
				GCC_WARN_64_TO_32_BIT_CONVERSION = YES;
				GCC_WARN_ABOUT_RETURN_TYPE = YES_ERROR;
				GCC_WARN_UNDECLARED_SELECTOR = YES;
				GCC_WARN_UNINITIALIZED_AUTOS = YES_AGGRESSIVE;
				GCC_WARN_UNUSED_FUNCTION = YES;
				GCC_WARN_UNUSED_VARIABLE = YES;
				MACOSX_DEPLOYMENT_TARGET = 10.11;
				MTL_ENABLE_DEBUG_INFO = NO;
				SDKROOT = macosx;
			};
			name = Release;
		};
		5F6E6AA51D2FF5410095E724 /* Debug */ = {
			isa = XCBuildConfiguration;
			buildSettings = {
				ASSETCATALOG_COMPILER_APPICON_NAME = AppIcon;
				COMBINE_HIDPI_IMAGES = YES;
				INFOPLIST_FILE = UpcomingClasses/Info.plist;
				LD_RUNPATH_SEARCH_PATHS = "$(inherited) @executable_path/../Frameworks";
				PRODUCT_BUNDLE_IDENTIFIER = Homie.UpcomingClasses;
				PRODUCT_NAME = "$(TARGET_NAME)";
			};
			name = Debug;
		};
		5F6E6AA61D2FF5410095E724 /* Release */ = {
			isa = XCBuildConfiguration;
			buildSettings = {
				ASSETCATALOG_COMPILER_APPICON_NAME = AppIcon;
				COMBINE_HIDPI_IMAGES = YES;
				INFOPLIST_FILE = UpcomingClasses/Info.plist;
				LD_RUNPATH_SEARCH_PATHS = "$(inherited) @executable_path/../Frameworks";
				PRODUCT_BUNDLE_IDENTIFIER = Homie.UpcomingClasses;
				PRODUCT_NAME = "$(TARGET_NAME)";
			};
			name = Release;
		};
/* End XCBuildConfiguration section */

/* Begin XCConfigurationList section */
		5F6E6A8E1D2FF5410095E724 /* Build configuration list for PBXProject "UpcomingClasses" */ = {
			isa = XCConfigurationList;
			buildConfigurations = (
				5F6E6AA21D2FF5410095E724 /* Debug */,
				5F6E6AA31D2FF5410095E724 /* Release */,
			);
			defaultConfigurationIsVisible = 0;
			defaultConfigurationName = Release;
		};
		5F6E6AA41D2FF5410095E724 /* Build configuration list for PBXNativeTarget "UpcomingClasses" */ = {
			isa = XCConfigurationList;
			buildConfigurations = (
				5F6E6AA51D2FF5410095E724 /* Debug */,
				5F6E6AA61D2FF5410095E724 /* Release */,
			);
			defaultConfigurationIsVisible = 0;
		};
/* End XCConfigurationList section */
	};
	rootObject = 5F6E6A8B1D2FF5410095E724 /* Project object */;
}
